// !$*UTF8*$!
{
	archiveVersion = 1;
	classes = {
	};
	objectVersion = 56;
	objects = {

/* Begin PBXBuildFile section */
		0240120628D0EA650039CF14 /* AppDelegate.swift in Sources */ = {isa = PBXBuildFile; fileRef = 0240120528D0EA650039CF14 /* AppDelegate.swift */; };
		0240120828D0EA650039CF14 /* SceneDelegate.swift in Sources */ = {isa = PBXBuildFile; fileRef = 0240120728D0EA650039CF14 /* SceneDelegate.swift */; };
		0240120A28D0EA650039CF14 /* ViewController.swift in Sources */ = {isa = PBXBuildFile; fileRef = 0240120928D0EA650039CF14 /* ViewController.swift */; };
		0240120D28D0EA650039CF14 /* Main.storyboard in Resources */ = {isa = PBXBuildFile; fileRef = 0240120B28D0EA650039CF14 /* Main.storyboard */; };
		0240120F28D0EA690039CF14 /* Assets.xcassets in Resources */ = {isa = PBXBuildFile; fileRef = 0240120E28D0EA690039CF14 /* Assets.xcassets */; };
		0240121228D0EA690039CF14 /* LaunchScreen.storyboard in Resources */ = {isa = PBXBuildFile; fileRef = 0240121028D0EA690039CF14 /* LaunchScreen.storyboard */; };
		0240121E28D0EBF20039CF14 /* Company.swift in Sources */ = {isa = PBXBuildFile; fileRef = 0240121A28D0EBF20039CF14 /* Company.swift */; };
		0240121F28D0EBF20039CF14 /* Address.swift in Sources */ = {isa = PBXBuildFile; fileRef = 0240121B28D0EBF20039CF14 /* Address.swift */; };
		0240122028D0EBF20039CF14 /* Geo.swift in Sources */ = {isa = PBXBuildFile; fileRef = 0240121C28D0EBF20039CF14 /* Geo.swift */; };
		0240122128D0EBF20039CF14 /* Users.swift in Sources */ = {isa = PBXBuildFile; fileRef = 0240121D28D0EBF20039CF14 /* Users.swift */; };
/* End PBXBuildFile section */

/* Begin PBXFileReference section */
		0240120228D0EA650039CF14 /* SwiftAsyncAwaitDemo.app */ = {isa = PBXFileReference; explicitFileType = wrapper.application; includeInIndex = 0; path = SwiftAsyncAwaitDemo.app; sourceTree = BUILT_PRODUCTS_DIR; };
		0240120528D0EA650039CF14 /* AppDelegate.swift */ = {isa = PBXFileReference; lastKnownFileType = sourcecode.swift; path = AppDelegate.swift; sourceTree = "<group>"; };
		0240120728D0EA650039CF14 /* SceneDelegate.swift */ = {isa = PBXFileReference; lastKnownFileType = sourcecode.swift; path = SceneDelegate.swift; sourceTree = "<group>"; };
		0240120928D0EA650039CF14 /* ViewController.swift */ = {isa = PBXFileReference; lastKnownFileType = sourcecode.swift; path = ViewController.swift; sourceTree = "<group>"; };
		0240120C28D0EA650039CF14 /* Base */ = {isa = PBXFileReference; lastKnownFileType = file.storyboard; name = Base; path = Base.lproj/Main.storyboard; sourceTree = "<group>"; };
		0240120E28D0EA690039CF14 /* Assets.xcassets */ = {isa = PBXFileReference; lastKnownFileType = folder.assetcatalog; path = Assets.xcassets; sourceTree = "<group>"; };
		0240121128D0EA690039CF14 /* Base */ = {isa = PBXFileReference; lastKnownFileType = file.storyboard; name = Base; path = Base.lproj/LaunchScreen.storyboard; sourceTree = "<group>"; };
		0240121328D0EA690039CF14 /* Info.plist */ = {isa = PBXFileReference; lastKnownFileType = text.plist.xml; path = Info.plist; sourceTree = "<group>"; };
		0240121A28D0EBF20039CF14 /* Company.swift */ = {isa = PBXFileReference; fileEncoding = 4; lastKnownFileType = sourcecode.swift; path = Company.swift; sourceTree = "<group>"; };
		0240121B28D0EBF20039CF14 /* Address.swift */ = {isa = PBXFileReference; fileEncoding = 4; lastKnownFileType = sourcecode.swift; path = Address.swift; sourceTree = "<group>"; };
		0240121C28D0EBF20039CF14 /* Geo.swift */ = {isa = PBXFileReference; fileEncoding = 4; lastKnownFileType = sourcecode.swift; path = Geo.swift; sourceTree = "<group>"; };
		0240121D28D0EBF20039CF14 /* Users.swift */ = {isa = PBXFileReference; fileEncoding = 4; lastKnownFileType = sourcecode.swift; path = Users.swift; sourceTree = "<group>"; };
/* End PBXFileReference section */

/* Begin PBXFrameworksBuildPhase section */
		024011FF28D0EA650039CF14 /* Frameworks */ = {
			isa = PBXFrameworksBuildPhase;
			buildActionMask = 2147483647;
			files = (
			);
			runOnlyForDeploymentPostprocessing = 0;
		};
/* End PBXFrameworksBuildPhase section */

/* Begin PBXGroup section */
		024011F928D0EA650039CF14 = {
			isa = PBXGroup;
			children = (
				0240120428D0EA650039CF14 /* SwiftAsyncAwaitDemo */,
				0240120328D0EA650039CF14 /* Products */,
			);
			sourceTree = "<group>";
		};
		0240120328D0EA650039CF14 /* Products */ = {
			isa = PBXGroup;
			children = (
				0240120228D0EA650039CF14 /* SwiftAsyncAwaitDemo.app */,
			);
			name = Products;
			sourceTree = "<group>";
		};
		0240120428D0EA650039CF14 /* SwiftAsyncAwaitDemo */ = {
			isa = PBXGroup;
			children = (
				0240121928D0EBDF0039CF14 /* model */,
				0240120528D0EA650039CF14 /* AppDelegate.swift */,
				0240120728D0EA650039CF14 /* SceneDelegate.swift */,
				0240120928D0EA650039CF14 /* ViewController.swift */,
				0240120B28D0EA650039CF14 /* Main.storyboard */,
				0240120E28D0EA690039CF14 /* Assets.xcassets */,
				0240121028D0EA690039CF14 /* LaunchScreen.storyboard */,
				0240121328D0EA690039CF14 /* Info.plist */,
			);
			path = SwiftAsyncAwaitDemo;
			sourceTree = "<group>";
		};
		0240121928D0EBDF0039CF14 /* model */ = {
			isa = PBXGroup;
			children = (
				0240121B28D0EBF20039CF14 /* Address.swift */,
				0240121A28D0EBF20039CF14 /* Company.swift */,
				0240121C28D0EBF20039CF14 /* Geo.swift */,
				0240121D28D0EBF20039CF14 /* Users.swift */,
			);
			path = model;
			sourceTree = "<group>";
		};
/* End PBXGroup section */

/* Begin PBXNativeTarget section */
		0240120128D0EA650039CF14 /* SwiftAsyncAwaitDemo */ = {
			isa = PBXNativeTarget;
			buildConfigurationList = 0240121628D0EA690039CF14 /* Build configuration list for PBXNativeTarget "SwiftAsyncAwaitDemo" */;
			buildPhases = (
				024011FE28D0EA650039CF14 /* Sources */,
				024011FF28D0EA650039CF14 /* Frameworks */,
				0240120028D0EA650039CF14 /* Resources */,
			);
			buildRules = (
			);
			dependencies = (
			);
			name = SwiftAsyncAwaitDemo;
			productName = SwiftAsyncAwaitDemo;
			productReference = 0240120228D0EA650039CF14 /* SwiftAsyncAwaitDemo.app */;
			productType = "com.apple.product-type.application";
		};
/* End PBXNativeTarget section */

/* Begin PBXProject section */
		024011FA28D0EA650039CF14 /* Project object */ = {
			isa = PBXProject;
			attributes = {
				BuildIndependentTargetsInParallel = 1;
				LastSwiftUpdateCheck = 1400;
				LastUpgradeCheck = 1400;
				TargetAttributes = {
					0240120128D0EA650039CF14 = {
						CreatedOnToolsVersion = 14.0;
					};
				};
			};
			buildConfigurationList = 024011FD28D0EA650039CF14 /* Build configuration list for PBXProject "SwiftAsyncAwaitDemo" */;
			compatibilityVersion = "Xcode 14.0";
			developmentRegion = en;
			hasScannedForEncodings = 0;
			knownRegions = (
				en,
				Base,
			);
			mainGroup = 024011F928D0EA650039CF14;
			productRefGroup = 0240120328D0EA650039CF14 /* Products */;
			projectDirPath = "";
			projectRoot = "";
			targets = (
				0240120128D0EA650039CF14 /* SwiftAsyncAwaitDemo */,
			);
		};
/* End PBXProject section */

/* Begin PBXResourcesBuildPhase section */
		0240120028D0EA650039CF14 /* Resources */ = {
			isa = PBXResourcesBuildPhase;
			buildActionMask = 2147483647;
			files = (
				0240121228D0EA690039CF14 /* LaunchScreen.storyboard in Resources */,
				0240120F28D0EA690039CF14 /* Assets.xcassets in Resources */,
				0240120D28D0EA650039CF14 /* Main.storyboard in Resources */,
			);
			runOnlyForDeploymentPostprocessing = 0;
		};
/* End PBXResourcesBuildPhase section */

/* Begin PBXSourcesBuildPhase section */
		024011FE28D0EA650039CF14 /* Sources */ = {
			isa = PBXSourcesBuildPhase;
			buildActionMask = 2147483647;
			files = (
				0240120A28D0EA650039CF14 /* ViewController.swift in Sources */,
				0240120628D0EA650039CF14 /* AppDelegate.swift in Sources */,
				0240120828D0EA650039CF14 /* SceneDelegate.swift in Sources */,
				0240121E28D0EBF20039CF14 /* Company.swift in Sources */,
				0240121F28D0EBF20039CF14 /* Address.swift in Sources */,
				0240122128D0EBF20039CF14 /* Users.swift in Sources */,
				0240122028D0EBF20039CF14 /* Geo.swift in Sources */,
			);
			runOnlyForDeploymentPostprocessing = 0;
		};
/* End PBXSourcesBuildPhase section */

/* Begin PBXVariantGroup section */
		0240120B28D0EA650039CF14 /* Main.storyboard */ = {
			isa = PBXVariantGroup;
			children = (
				0240120C28D0EA650039CF14 /* Base */,
			);
			name = Main.storyboard;
			sourceTree = "<group>";
		};
		0240121028D0EA690039CF14 /* LaunchScreen.storyboard */ = {
			isa = PBXVariantGroup;
			children = (
				0240121128D0EA690039CF14 /* Base */,
			);
			name = LaunchScreen.storyboard;
			sourceTree = "<group>";
		};
/* End PBXVariantGroup section */

/* Begin XCBuildConfiguration section */
		0240121428D0EA690039CF14 /* Debug */ = {
			isa = XCBuildConfiguration;
			buildSettings = {
				ALWAYS_SEARCH_USER_PATHS = NO;
				CLANG_ANALYZER_NONNULL = YES;
				CLANG_ANALYZER_NUMBER_OBJECT_CONVERSION = YES_AGGRESSIVE;
				CLANG_CXX_LANGUAGE_STANDARD = "gnu++20";
				CLANG_ENABLE_MODULES = YES;
				CLANG_ENABLE_OBJC_ARC = YES;
				CLANG_ENABLE_OBJC_WEAK = YES;
				CLANG_WARN_BLOCK_CAPTURE_AUTORELEASING = YES;
				CLANG_WARN_BOOL_CONVERSION = YES;
				CLANG_WARN_COMMA = YES;
				CLANG_WARN_CONSTANT_CONVERSION = YES;
				CLANG_WARN_DEPRECATED_OBJC_IMPLEMENTATIONS = YES;
				CLANG_WARN_DIRECT_OBJC_ISA_USAGE = YES_ERROR;
				CLANG_WARN_DOCUMENTATION_COMMENTS = YES;
				CLANG_WARN_EMPTY_BODY = YES;
				CLANG_WARN_ENUM_CONVERSION = YES;
				CLANG_WARN_INFINITE_RECURSION = YES;
				CLANG_WARN_INT_CONVERSION = YES;
				CLANG_WARN_NON_LITERAL_NULL_CONVERSION = YES;
				CLANG_WARN_OBJC_IMPLICIT_RETAIN_SELF = YES;
				CLANG_WARN_OBJC_LITERAL_CONVERSION = YES;
				CLANG_WARN_OBJC_ROOT_CLASS = YES_ERROR;
				CLANG_WARN_QUOTED_INCLUDE_IN_FRAMEWORK_HEADER = YES;
				CLANG_WARN_RANGE_LOOP_ANALYSIS = YES;
				CLANG_WARN_STRICT_PROTOTYPES = YES;
				CLANG_WARN_SUSPICIOUS_MOVE = YES;
				CLANG_WARN_UNGUARDED_AVAILABILITY = YES_AGGRESSIVE;
				CLANG_WARN_UNREACHABLE_CODE = YES;
				CLANG_WARN__DUPLICATE_METHOD_MATCH = YES;
				COPY_PHASE_STRIP = NO;
				DEBUG_INFORMATION_FORMAT = dwarf;
				ENABLE_STRICT_OBJC_MSGSEND = YES;
				ENABLE_TESTABILITY = YES;
				GCC_C_LANGUAGE_STANDARD = gnu11;
				GCC_DYNAMIC_NO_PIC = NO;
				GCC_NO_COMMON_BLOCKS = YES;
				GCC_OPTIMIZATION_LEVEL = 0;
				GCC_PREPROCESSOR_DEFINITIONS = (
					"DEBUG=1",
					"$(inherited)",
				);
				GCC_WARN_64_TO_32_BIT_CONVERSION = YES;
				GCC_WARN_ABOUT_RETURN_TYPE = YES_ERROR;
				GCC_WARN_UNDECLARED_SELECTOR = YES;
				GCC_WARN_UNINITIALIZED_AUTOS = YES_AGGRESSIVE;
				GCC_WARN_UNUSED_FUNCTION = YES;
				GCC_WARN_UNUSED_VARIABLE = YES;
				IPHONEOS_DEPLOYMENT_TARGET = 16.0;
				MTL_ENABLE_DEBUG_INFO = INCLUDE_SOURCE;
				MTL_FAST_MATH = YES;
				ONLY_ACTIVE_ARCH = YES;
				SDKROOT = iphoneos;
				SWIFT_ACTIVE_COMPILATION_CONDITIONS = DEBUG;
				SWIFT_OPTIMIZATION_LEVEL = "-Onone";
			};
			name = Debug;
		};
		0240121528D0EA690039CF14 /* Release */ = {
			isa = XCBuildConfiguration;
			buildSettings = {
				ALWAYS_SEARCH_USER_PATHS = NO;
				CLANG_ANALYZER_NONNULL = YES;
				CLANG_ANALYZER_NUMBER_OBJECT_CONVERSION = YES_AGGRESSIVE;
				CLANG_CXX_LANGUAGE_STANDARD = "gnu++20";
				CLANG_ENABLE_MODULES = YES;
				CLANG_ENABLE_OBJC_ARC = YES;
				CLANG_ENABLE_OBJC_WEAK = YES;
				CLANG_WARN_BLOCK_CAPTURE_AUTORELEASING = YES;
				CLANG_WARN_BOOL_CONVERSION = YES;
				CLANG_WARN_COMMA = YES;
				CLANG_WARN_CONSTANT_CONVERSION = YES;
				CLANG_WARN_DEPRECATED_OBJC_IMPLEMENTATIONS = YES;
				CLANG_WARN_DIRECT_OBJC_ISA_USAGE = YES_ERROR;
				CLANG_WARN_DOCUMENTATION_COMMENTS = YES;
				CLANG_WARN_EMPTY_BODY = YES;
				CLANG_WARN_ENUM_CONVERSION = YES;
				CLANG_WARN_INFINITE_RECURSION = YES;
				CLANG_WARN_INT_CONVERSION = YES;
				CLANG_WARN_NON_LITERAL_NULL_CONVERSION = YES;
				CLANG_WARN_OBJC_IMPLICIT_RETAIN_SELF = YES;
				CLANG_WARN_OBJC_LITERAL_CONVERSION = YES;
				CLANG_WARN_OBJC_ROOT_CLASS = YES_ERROR;
				CLANG_WARN_QUOTED_INCLUDE_IN_FRAMEWORK_HEADER = YES;
				CLANG_WARN_RANGE_LOOP_ANALYSIS = YES;
				CLANG_WARN_STRICT_PROTOTYPES = YES;
				CLANG_WARN_SUSPICIOUS_MOVE = YES;
				CLANG_WARN_UNGUARDED_AVAILABILITY = YES_AGGRESSIVE;
				CLANG_WARN_UNREACHABLE_CODE = YES;
				CLANG_WARN__DUPLICATE_METHOD_MATCH = YES;
				COPY_PHASE_STRIP = NO;
				DEBUG_INFORMATION_FORMAT = "dwarf-with-dsym";
				ENABLE_NS_ASSERTIONS = NO;
				ENABLE_STRICT_OBJC_MSGSEND = YES;
				GCC_C_LANGUAGE_STANDARD = gnu11;
				GCC_NO_COMMON_BLOCKS = YES;
				GCC_WARN_64_TO_32_BIT_CONVERSION = YES;
				GCC_WARN_ABOUT_RETURN_TYPE = YES_ERROR;
				GCC_WARN_UNDECLARED_SELECTOR = YES;
				GCC_WARN_UNINITIALIZED_AUTOS = YES_AGGRESSIVE;
				GCC_WARN_UNUSED_FUNCTION = YES;
				GCC_WARN_UNUSED_VARIABLE = YES;
				IPHONEOS_DEPLOYMENT_TARGET = 16.0;
				MTL_ENABLE_DEBUG_INFO = NO;
				MTL_FAST_MATH = YES;
				SDKROOT = iphoneos;
				SWIFT_COMPILATION_MODE = wholemodule;
				SWIFT_OPTIMIZATION_LEVEL = "-O";
				VALIDATE_PRODUCT = YES;
			};
			name = Release;
		};
		0240121728D0EA690039CF14 /* Debug */ = {
			isa = XCBuildConfiguration;
			buildSettings = {
				ASSETCATALOG_COMPILER_APPICON_NAME = AppIcon;
				ASSETCATALOG_COMPILER_GLOBAL_ACCENT_COLOR_NAME = AccentColor;
				CODE_SIGN_STYLE = Automatic;
				CURRENT_PROJECT_VERSION = 1;
				GENERATE_INFOPLIST_FILE = YES;
				INFOPLIST_FILE = SwiftAsyncAwaitDemo/Info.plist;
				INFOPLIST_KEY_UIApplicationSupportsIndirectInputEvents = YES;
				INFOPLIST_KEY_UILaunchStoryboardName = LaunchScreen;
				INFOPLIST_KEY_UIMainStoryboardFile = Main;
				INFOPLIST_KEY_UISupportedInterfaceOrientations_iPad = "UIInterfaceOrientationPortrait UIInterfaceOrientationPortraitUpsideDown UIInterfaceOrientationLandscapeLeft UIInterfaceOrientationLandscapeRight";
				INFOPLIST_KEY_UISupportedInterfaceOrientations_iPhone = "UIInterfaceOrientationPortrait UIInterfaceOrientationLandscapeLeft UIInterfaceOrientationLandscapeRight";
				LD_RUNPATH_SEARCH_PATHS = (
					"$(inherited)",
					"@executable_path/Frameworks",
				);
				MARKETING_VERSION = 1.0;
				PRODUCT_BUNDLE_IDENTIFIER = com.emperor.SwiftAsyncAwaitDemo;
				PRODUCT_NAME = "$(TARGET_NAME)";
				SWIFT_EMIT_LOC_STRINGS = YES;
				SWIFT_VERSION = 5.0;
				TARGETED_DEVICE_FAMILY = "1,2";
			};
			name = Debug;
		};
		0240121828D0EA690039CF14 /* Release */ = {
			isa = XCBuildConfiguration;
			buildSettings = {
				ASSETCATALOG_COMPILER_APPICON_NAME = AppIcon;
				ASSETCATALOG_COMPILER_GLOBAL_ACCENT_COLOR_NAME = AccentColor;
				CODE_SIGN_STYLE = Automatic;
				CURRENT_PROJECT_VERSION = 1;
				GENERATE_INFOPLIST_FILE = YES;
				INFOPLIST_FILE = SwiftAsyncAwaitDemo/Info.plist;
				INFOPLIST_KEY_UIApplicationSupportsIndirectInputEvents = YES;
				INFOPLIST_KEY_UILaunchStoryboardName = LaunchScreen;
				INFOPLIST_KEY_UIMainStoryboardFile = Main;
				INFOPLIST_KEY_UISupportedInterfaceOrientations_iPad = "UIInterfaceOrientationPortrait UIInterfaceOrientationPortraitUpsideDown UIInterfaceOrientationLandscapeLeft UIInterfaceOrientationLandscapeRight";
				INFOPLIST_KEY_UISupportedInterfaceOrientations_iPhone = "UIInterfaceOrientationPortrait UIInterfaceOrientationLandscapeLeft UIInterfaceOrientationLandscapeRight";
				LD_RUNPATH_SEARCH_PATHS = (
					"$(inherited)",
					"@executable_path/Frameworks",
				);
				MARKETING_VERSION = 1.0;
				PRODUCT_BUNDLE_IDENTIFIER = com.emperor.SwiftAsyncAwaitDemo;
				PRODUCT_NAME = "$(TARGET_NAME)";
				SWIFT_EMIT_LOC_STRINGS = YES;
				SWIFT_VERSION = 5.0;
				TARGETED_DEVICE_FAMILY = "1,2";
			};
			name = Release;
		};
/* End XCBuildConfiguration section */

/* Begin XCConfigurationList section */
		024011FD28D0EA650039CF14 /* Build configuration list for PBXProject "SwiftAsyncAwaitDemo" */ = {
			isa = XCConfigurationList;
			buildConfigurations = (
				0240121428D0EA690039CF14 /* Debug */,
				0240121528D0EA690039CF14 /* Release */,
			);
			defaultConfigurationIsVisible = 0;
			defaultConfigurationName = Release;
		};
		0240121628D0EA690039CF14 /* Build configuration list for PBXNativeTarget "SwiftAsyncAwaitDemo" */ = {
			isa = XCConfigurationList;
			buildConfigurations = (
				0240121728D0EA690039CF14 /* Debug */,
				0240121828D0EA690039CF14 /* Release */,
			);
			defaultConfigurationIsVisible = 0;
			defaultConfigurationName = Release;
		};
/* End XCConfigurationList section */
	};
	rootObject = 024011FA28D0EA650039CF14 /* Project object */;
}
